
Microsoft Visual Studio Solution File, Format Version 12.00
# Visual Studio Version 17
VisualStudioVersion = 17.8.34511.84
MinimumVisualStudioVersion = 10.0.40219.1
Project("{8BC9CEB8-8B4A-11D0-8D11-00A0C91BC942}") = "Zadatak 3", "Zadatak 3.vcxproj", "{FDC63509-D50E-4460-914E-C6C015951306}"
EndProject
Global
	GlobalSection(SolutionConfigurationPlatforms) = preSolution
		Debug|x64 = Debug|x64
		Debug|x86 = Debug|x86
		Release|x64 = Release|x64
		Release|x86 = Release|x86
	EndGlobalSection
	GlobalSection(ProjectConfigurationPlatforms) = postSolution
		{FDC63509-D50E-4460-914E-C6C015951306}.Debug|x64.ActiveCfg = Debug|x64
		{FDC63509-D50E-4460-914E-C6C015951306}.Debug|x64.Build.0 = Debug|x64
		{FDC63509-D50E-4460-914E-C6C015951306}.Debug|x86.ActiveCfg = Debug|Win32
		{FDC63509-D50E-4460-914E-C6C015951306}.Debug|x86.Build.0 = Debug|Win32
		{FDC63509-D50E-4460-914E-C6C015951306}.Release|x64.ActiveCfg = Release|x64
		{FDC63509-D50E-4460-914E-C6C015951306}.Release|x64.Build.0 = Release|x64
		{FDC63509-D50E-4460-914E-C6C015951306}.Release|x86.ActiveCfg = Release|Win32
		{FDC63509-D50E-4460-914E-C6C015951306}.Release|x86.Build.0 = Release|Win32
	EndGlobalSection
	GlobalSection(SolutionProperties) = preSolution
		HideSolutionNode = FALSE
	EndGlobalSection
	GlobalSection(ExtensibilityGlobals) = postSolution
		SolutionGuid = {BE8973F8-D2E2-42B2-9136-A28E373033B6}
	EndGlobalSection
EndGlobal
