
Microsoft Visual Studio Solution File, Format Version 12.00
# Visual Studio Version 17
VisualStudioVersion = 17.7.34221.43
MinimumVisualStudioVersion = 10.0.40219.1
Project("{8BC9CEB8-8B4A-11D0-8D11-00A0C91BC942}") = "Zadatak 11", "Zadatak 11.vcxproj", "{BE3DB720-4740-4F92-9DAE-88984CB57090}"
EndProject
Global
	GlobalSection(SolutionConfigurationPlatforms) = preSolution
		Debug|x64 = Debug|x64
		Debug|x86 = Debug|x86
		Release|x64 = Release|x64
		Release|x86 = Release|x86
	EndGlobalSection
	GlobalSection(ProjectConfigurationPlatforms) = postSolution
		{BE3DB720-4740-4F92-9DAE-88984CB57090}.Debug|x64.ActiveCfg = Debug|x64
		{BE3DB720-4740-4F92-9DAE-88984CB57090}.Debug|x64.Build.0 = Debug|x64
		{BE3DB720-4740-4F92-9DAE-88984CB57090}.Debug|x86.ActiveCfg = Debug|Win32
		{BE3DB720-4740-4F92-9DAE-88984CB57090}.Debug|x86.Build.0 = Debug|Win32
		{BE3DB720-4740-4F92-9DAE-88984CB57090}.Release|x64.ActiveCfg = Release|x64
		{BE3DB720-4740-4F92-9DAE-88984CB57090}.Release|x64.Build.0 = Release|x64
		{BE3DB720-4740-4F92-9DAE-88984CB57090}.Release|x86.ActiveCfg = Release|Win32
		{BE3DB720-4740-4F92-9DAE-88984CB57090}.Release|x86.Build.0 = Release|Win32
	EndGlobalSection
	GlobalSection(SolutionProperties) = preSolution
		HideSolutionNode = FALSE
	EndGlobalSection
	GlobalSection(ExtensibilityGlobals) = postSolution
		SolutionGuid = {ED72FFAB-643B-427C-B848-2B73DCF5FEEE}
	EndGlobalSection
EndGlobal
